// !$*UTF8*$!
{
	archiveVersion = 1;
	classes = {
	};
	objectVersion = 50;
	objects = {

/* Begin PBXBuildFile section */
		0C26AB7B2126C59E00170732 /* AppDelegate.swift in Sources */ = {isa = PBXBuildFile; fileRef = 0C26AB7A2126C59E00170732 /* AppDelegate.swift */; };
		0C26AB822126C59F00170732 /* Assets.xcassets in Resources */ = {isa = PBXBuildFile; fileRef = 0C26AB812126C59F00170732 /* Assets.xcassets */; };
		0C26AB852126C59F00170732 /* LaunchScreen.storyboard in Resources */ = {isa = PBXBuildFile; fileRef = 0C26AB832126C59F00170732 /* LaunchScreen.storyboard */; };
		0C26AB952126C5BB00170732 /* Extension.swift in Sources */ = {isa = PBXBuildFile; fileRef = 0C26AB8C2126C5BB00170732 /* Extension.swift */; };
		0C26AB962126C5BB00170732 /* UnspentOutput.swift in Sources */ = {isa = PBXBuildFile; fileRef = 0C26AB8D2126C5BB00170732 /* UnspentOutput.swift */; };
		0C26AB972126C5BB00170732 /* SendViewController.swift in Sources */ = {isa = PBXBuildFile; fileRef = 0C26AB8E2126C5BB00170732 /* SendViewController.swift */; };
		0C26AB992126C5BB00170732 /* MockPlayGround.swift in Sources */ = {isa = PBXBuildFile; fileRef = 0C26AB902126C5BB00170732 /* MockPlayGround.swift */; };
		0C26AB9A2126C5BB00170732 /* HomeViewController.swift in Sources */ = {isa = PBXBuildFile; fileRef = 0C26AB912126C5BB00170732 /* HomeViewController.swift */; };
		0C26AB9B2126C5BB00170732 /* Main.storyboard in Resources */ = {isa = PBXBuildFile; fileRef = 0C26AB922126C5BB00170732 /* Main.storyboard */; };
		0C26AB9C2126C5BB00170732 /* Transaction.swift in Sources */ = {isa = PBXBuildFile; fileRef = 0C26AB932126C5BB00170732 /* Transaction.swift */; };
		0C26AB9D2126C5BB00170732 /* AppController.swift in Sources */ = {isa = PBXBuildFile; fileRef = 0C26AB942126C5BB00170732 /* AppController.swift */; };
		5F387783DCF7F5AE6597CEA2 /* Pods_SimpleWallet.framework in Frameworks */ = {isa = PBXBuildFile; fileRef = 3254F223206616E330E2587D /* Pods_SimpleWallet.framework */; };
		6E5E3C7421282EFE005042F2 /* APIClient.swift in Sources */ = {isa = PBXBuildFile; fileRef = 6E5E3C7321282EFE005042F2 /* APIClient.swift */; };
		A04EA5032128318D00709549 /* R.generated.swift in Sources */ = {isa = PBXBuildFile; fileRef = A04EA5022128318D00709549 /* R.generated.swift */; };
		A04EA506212831E200709549 /* UIViewController+Ex.swift in Sources */ = {isa = PBXBuildFile; fileRef = A04EA505212831E200709549 /* UIViewController+Ex.swift */; };
		A04EA5082128320000709549 /* QRCoder.swift in Sources */ = {isa = PBXBuildFile; fileRef = A04EA5072128320000709549 /* QRCoder.swift */; };
		A04EA50E2128349800709549 /* PostViewController.swift in Sources */ = {isa = PBXBuildFile; fileRef = A04EA50D2128349800709549 /* PostViewController.swift */; };
		A04EA510212834A500709549 /* PostViewController.storyboard in Resources */ = {isa = PBXBuildFile; fileRef = A04EA50F212834A500709549 /* PostViewController.storyboard */; };
		A04EA512212834B400709549 /* PostViewModel.swift in Sources */ = {isa = PBXBuildFile; fileRef = A04EA511212834B400709549 /* PostViewModel.swift */; };
		A04EA51521284A5C00709549 /* AddChoiceViewController.swift in Sources */ = {isa = PBXBuildFile; fileRef = A04EA51421284A5C00709549 /* AddChoiceViewController.swift */; };
		A04EA51721284A6F00709549 /* AddChoiceViewController.storyboard in Resources */ = {isa = PBXBuildFile; fileRef = A04EA51621284A6F00709549 /* AddChoiceViewController.storyboard */; };
		A04EA51A21284FAA00709549 /* AddChoiceViewModel.swift in Sources */ = {isa = PBXBuildFile; fileRef = A04EA51921284FAA00709549 /* AddChoiceViewModel.swift */; };
/* End PBXBuildFile section */

/* Begin PBXFileReference section */
		0C26AB772126C59E00170732 /* SimpleWallet.app */ = {isa = PBXFileReference; explicitFileType = wrapper.application; includeInIndex = 0; path = SimpleWallet.app; sourceTree = BUILT_PRODUCTS_DIR; };
		0C26AB7A2126C59E00170732 /* AppDelegate.swift */ = {isa = PBXFileReference; lastKnownFileType = sourcecode.swift; path = AppDelegate.swift; sourceTree = "<group>"; };
		0C26AB812126C59F00170732 /* Assets.xcassets */ = {isa = PBXFileReference; lastKnownFileType = folder.assetcatalog; path = Assets.xcassets; sourceTree = "<group>"; };
		0C26AB842126C59F00170732 /* Base */ = {isa = PBXFileReference; lastKnownFileType = file.storyboard; name = Base; path = Base.lproj/LaunchScreen.storyboard; sourceTree = "<group>"; };
		0C26AB862126C59F00170732 /* Info.plist */ = {isa = PBXFileReference; lastKnownFileType = text.plist.xml; path = Info.plist; sourceTree = "<group>"; };
		0C26AB8C2126C5BB00170732 /* Extension.swift */ = {isa = PBXFileReference; fileEncoding = 4; lastKnownFileType = sourcecode.swift; path = Extension.swift; sourceTree = "<group>"; };
		0C26AB8D2126C5BB00170732 /* UnspentOutput.swift */ = {isa = PBXFileReference; fileEncoding = 4; lastKnownFileType = sourcecode.swift; path = UnspentOutput.swift; sourceTree = "<group>"; };
		0C26AB8E2126C5BB00170732 /* SendViewController.swift */ = {isa = PBXFileReference; fileEncoding = 4; lastKnownFileType = sourcecode.swift; path = SendViewController.swift; sourceTree = "<group>"; };
		0C26AB902126C5BB00170732 /* MockPlayGround.swift */ = {isa = PBXFileReference; fileEncoding = 4; lastKnownFileType = sourcecode.swift; path = MockPlayGround.swift; sourceTree = "<group>"; };
		0C26AB912126C5BB00170732 /* HomeViewController.swift */ = {isa = PBXFileReference; fileEncoding = 4; lastKnownFileType = sourcecode.swift; path = HomeViewController.swift; sourceTree = "<group>"; };
		0C26AB922126C5BB00170732 /* Main.storyboard */ = {isa = PBXFileReference; fileEncoding = 4; lastKnownFileType = file.storyboard; path = Main.storyboard; sourceTree = "<group>"; };
		0C26AB932126C5BB00170732 /* Transaction.swift */ = {isa = PBXFileReference; fileEncoding = 4; lastKnownFileType = sourcecode.swift; path = Transaction.swift; sourceTree = "<group>"; };
		0C26AB942126C5BB00170732 /* AppController.swift */ = {isa = PBXFileReference; fileEncoding = 4; lastKnownFileType = sourcecode.swift; path = AppController.swift; sourceTree = "<group>"; };
		3254F223206616E330E2587D /* Pods_SimpleWallet.framework */ = {isa = PBXFileReference; explicitFileType = wrapper.framework; includeInIndex = 0; path = Pods_SimpleWallet.framework; sourceTree = BUILT_PRODUCTS_DIR; };
		6E5E3C7321282EFE005042F2 /* APIClient.swift */ = {isa = PBXFileReference; fileEncoding = 4; lastKnownFileType = sourcecode.swift; path = APIClient.swift; sourceTree = "<group>"; };
		764A8056BEFC01CD8FD81CA9 /* Pods-SimpleWallet.release.xcconfig */ = {isa = PBXFileReference; includeInIndex = 1; lastKnownFileType = text.xcconfig; name = "Pods-SimpleWallet.release.xcconfig"; path = "Pods/Target Support Files/Pods-SimpleWallet/Pods-SimpleWallet.release.xcconfig"; sourceTree = "<group>"; };
		A04EA5022128318D00709549 /* R.generated.swift */ = {isa = PBXFileReference; fileEncoding = 4; lastKnownFileType = sourcecode.swift; path = R.generated.swift; sourceTree = SOURCE_ROOT; };
		A04EA505212831E200709549 /* UIViewController+Ex.swift */ = {isa = PBXFileReference; lastKnownFileType = sourcecode.swift; path = "UIViewController+Ex.swift"; sourceTree = "<group>"; };
		A04EA5072128320000709549 /* QRCoder.swift */ = {isa = PBXFileReference; lastKnownFileType = sourcecode.swift; path = QRCoder.swift; sourceTree = "<group>"; };
		A04EA50D2128349800709549 /* PostViewController.swift */ = {isa = PBXFileReference; lastKnownFileType = sourcecode.swift; path = PostViewController.swift; sourceTree = "<group>"; };
		A04EA50F212834A500709549 /* PostViewController.storyboard */ = {isa = PBXFileReference; lastKnownFileType = file.storyboard; path = PostViewController.storyboard; sourceTree = "<group>"; };
		A04EA511212834B400709549 /* PostViewModel.swift */ = {isa = PBXFileReference; lastKnownFileType = sourcecode.swift; path = PostViewModel.swift; sourceTree = "<group>"; };
		A04EA51421284A5C00709549 /* AddChoiceViewController.swift */ = {isa = PBXFileReference; lastKnownFileType = sourcecode.swift; path = AddChoiceViewController.swift; sourceTree = "<group>"; };
		A04EA51621284A6F00709549 /* AddChoiceViewController.storyboard */ = {isa = PBXFileReference; lastKnownFileType = file.storyboard; path = AddChoiceViewController.storyboard; sourceTree = "<group>"; };
		A04EA51921284FAA00709549 /* AddChoiceViewModel.swift */ = {isa = PBXFileReference; lastKnownFileType = sourcecode.swift; path = AddChoiceViewModel.swift; sourceTree = "<group>"; };
		E5ECAEB1857BAAF4B13C99D0 /* Pods-SimpleWallet.debug.xcconfig */ = {isa = PBXFileReference; includeInIndex = 1; lastKnownFileType = text.xcconfig; name = "Pods-SimpleWallet.debug.xcconfig"; path = "Pods/Target Support Files/Pods-SimpleWallet/Pods-SimpleWallet.debug.xcconfig"; sourceTree = "<group>"; };
/* End PBXFileReference section */

/* Begin PBXFrameworksBuildPhase section */
		0C26AB742126C59E00170732 /* Frameworks */ = {
			isa = PBXFrameworksBuildPhase;
			buildActionMask = 2147483647;
			files = (
				5F387783DCF7F5AE6597CEA2 /* Pods_SimpleWallet.framework in Frameworks */,
			);
			runOnlyForDeploymentPostprocessing = 0;
		};
/* End PBXFrameworksBuildPhase section */

/* Begin PBXGroup section */
		0C26AB6E2126C59E00170732 = {
			isa = PBXGroup;
			children = (
				0C26AB792126C59E00170732 /* SimpleWallet */,
				0C26AB782126C59E00170732 /* Products */,
				B9FA8277D003BE58DC53CDBC /* Pods */,
				E5BA05084BE86A188D465177 /* Frameworks */,
			);
			sourceTree = "<group>";
		};
		0C26AB782126C59E00170732 /* Products */ = {
			isa = PBXGroup;
			children = (
				0C26AB772126C59E00170732 /* SimpleWallet.app */,
			);
			name = Products;
			sourceTree = "<group>";
		};
		0C26AB792126C59E00170732 /* SimpleWallet */ = {
			isa = PBXGroup;
			children = (
				6E5E3C6E21282E4E005042F2 /* Modules */,
				0C26AB7A2126C59E00170732 /* AppDelegate.swift */,
				0C26AB922126C5BB00170732 /* Main.storyboard */,
				A04EA5022128318D00709549 /* R.generated.swift */,
				0C26AB812126C59F00170732 /* Assets.xcassets */,
				0C26AB832126C59F00170732 /* LaunchScreen.storyboard */,
				0C26AB862126C59F00170732 /* Info.plist */,
			);
			path = SimpleWallet;
			sourceTree = "<group>";
		};
		6E5E3C6E21282E4E005042F2 /* Modules */ = {
			isa = PBXGroup;
			children = (
				6E5E3C7221282E7D005042F2 /* Utilities */,
				6E5E3C7121282E6B005042F2 /* Models */,
				6E5E3C6F21282E54005042F2 /* ViewControllers */,
				A04EA5012128317100709549 /* Extension */,
			);
			path = Modules;
			sourceTree = "<group>";
		};
		6E5E3C6F21282E54005042F2 /* ViewControllers */ = {
			isa = PBXGroup;
			children = (
				A04EA51321284A2600709549 /* AddChoiceView */,
				A04EA50B2128347A00709549 /* PostView */,
				6E5E3C7021282E5E005042F2 /* Sample */,
			);
			path = ViewControllers;
			sourceTree = "<group>";
		};
		6E5E3C7021282E5E005042F2 /* Sample */ = {
			isa = PBXGroup;
			children = (
				0C26AB912126C5BB00170732 /* HomeViewController.swift */,
				0C26AB8E2126C5BB00170732 /* SendViewController.swift */,
			);
			path = Sample;
			sourceTree = "<group>";
		};
		6E5E3C7121282E6B005042F2 /* Models */ = {
			isa = PBXGroup;
			children = (
				0C26AB932126C5BB00170732 /* Transaction.swift */,
				0C26AB8D2126C5BB00170732 /* UnspentOutput.swift */,
			);
			path = Models;
			sourceTree = "<group>";
		};
		6E5E3C7221282E7D005042F2 /* Utilities */ = {
			isa = PBXGroup;
			children = (
				6E5E3C7321282EFE005042F2 /* APIClient.swift */,
				0C26AB942126C5BB00170732 /* AppController.swift */,
				0C26AB8C2126C5BB00170732 /* Extension.swift */,
				0C26AB902126C5BB00170732 /* MockPlayGround.swift */,
				A04EA5072128320000709549 /* QRCoder.swift */,
			);
			path = Utilities;
			sourceTree = "<group>";
		};
		A04EA5012128317100709549 /* Extension */ = {
			isa = PBXGroup;
			children = (
				A04EA504212831D100709549 /* UIKit */,
			);
			path = Extension;
			sourceTree = "<group>";
		};
		A04EA504212831D100709549 /* UIKit */ = {
			isa = PBXGroup;
			children = (
				A04EA505212831E200709549 /* UIViewController+Ex.swift */,
			);
			path = UIKit;
			sourceTree = "<group>";
		};
		A04EA50B2128347A00709549 /* PostView */ = {
			isa = PBXGroup;
			children = (
				A04EA50D2128349800709549 /* PostViewController.swift */,
				A04EA50F212834A500709549 /* PostViewController.storyboard */,
				A04EA511212834B400709549 /* PostViewModel.swift */,
			);
			path = PostView;
			sourceTree = "<group>";
		};
		A04EA51321284A2600709549 /* AddChoiceView */ = {
			isa = PBXGroup;
			children = (
				A04EA51421284A5C00709549 /* AddChoiceViewController.swift */,
				A04EA51621284A6F00709549 /* AddChoiceViewController.storyboard */,
				A04EA51921284FAA00709549 /* AddChoiceViewModel.swift */,
			);
			path = AddChoiceView;
			sourceTree = "<group>";
		};
		B9FA8277D003BE58DC53CDBC /* Pods */ = {
			isa = PBXGroup;
			children = (
				E5ECAEB1857BAAF4B13C99D0 /* Pods-SimpleWallet.debug.xcconfig */,
				764A8056BEFC01CD8FD81CA9 /* Pods-SimpleWallet.release.xcconfig */,
			);
			name = Pods;
			sourceTree = "<group>";
		};
		E5BA05084BE86A188D465177 /* Frameworks */ = {
			isa = PBXGroup;
			children = (
				3254F223206616E330E2587D /* Pods_SimpleWallet.framework */,
			);
			name = Frameworks;
			sourceTree = "<group>";
		};
/* End PBXGroup section */

/* Begin PBXNativeTarget section */
		0C26AB762126C59E00170732 /* SimpleWallet */ = {
			isa = PBXNativeTarget;
			buildConfigurationList = 0C26AB892126C59F00170732 /* Build configuration list for PBXNativeTarget "SimpleWallet" */;
			buildPhases = (
				AAD9C1FC7AE689884C5BC2F3 /* [CP] Check Pods Manifest.lock */,
				6E5E3C6A21282DED005042F2 /* ShellScript */,
				0C26AB732126C59E00170732 /* Sources */,
				0C26AB742126C59E00170732 /* Frameworks */,
				0C26AB752126C59E00170732 /* Resources */,
				EA9EAA81472B436B9C0BB36C /* [CP] Embed Pods Frameworks */,
			);
			buildRules = (
			);
			dependencies = (
			);
			name = SimpleWallet;
			productName = SimpleWallet;
			productReference = 0C26AB772126C59E00170732 /* SimpleWallet.app */;
			productType = "com.apple.product-type.application";
		};
/* End PBXNativeTarget section */

/* Begin PBXProject section */
		0C26AB6F2126C59E00170732 /* Project object */ = {
			isa = PBXProject;
			attributes = {
				LastSwiftUpdateCheck = 0940;
				LastUpgradeCheck = 0940;
				ORGANIZATIONNAME = "Akifumi Fujita";
				TargetAttributes = {
					0C26AB762126C59E00170732 = {
						CreatedOnToolsVersion = 9.4.1;
					};
				};
			};
			buildConfigurationList = 0C26AB722126C59E00170732 /* Build configuration list for PBXProject "SimpleWallet" */;
			compatibilityVersion = "Xcode 9.3";
			developmentRegion = en;
			hasScannedForEncodings = 0;
			knownRegions = (
				en,
				Base,
			);
			mainGroup = 0C26AB6E2126C59E00170732;
			productRefGroup = 0C26AB782126C59E00170732 /* Products */;
			projectDirPath = "";
			projectRoot = "";
			targets = (
				0C26AB762126C59E00170732 /* SimpleWallet */,
			);
		};
/* End PBXProject section */

/* Begin PBXResourcesBuildPhase section */
		0C26AB752126C59E00170732 /* Resources */ = {
			isa = PBXResourcesBuildPhase;
			buildActionMask = 2147483647;
			files = (
				0C26AB9B2126C5BB00170732 /* Main.storyboard in Resources */,
				A04EA51721284A6F00709549 /* AddChoiceViewController.storyboard in Resources */,
				A04EA510212834A500709549 /* PostViewController.storyboard in Resources */,
				0C26AB852126C59F00170732 /* LaunchScreen.storyboard in Resources */,
				0C26AB822126C59F00170732 /* Assets.xcassets in Resources */,
			);
			runOnlyForDeploymentPostprocessing = 0;
		};
/* End PBXResourcesBuildPhase section */

/* Begin PBXShellScriptBuildPhase section */
		6E5E3C6A21282DED005042F2 /* ShellScript */ = {
			isa = PBXShellScriptBuildPhase;
			buildActionMask = 2147483647;
			files = (
			);
			inputPaths = (
			);
			outputPaths = (
			);
			runOnlyForDeploymentPostprocessing = 0;
			shellPath = /bin/sh;
			shellScript = "\"$PODS_ROOT/R.swift/rswift\" generate \"$SRCROOT\"\n\n";
		};
		AAD9C1FC7AE689884C5BC2F3 /* [CP] Check Pods Manifest.lock */ = {
			isa = PBXShellScriptBuildPhase;
			buildActionMask = 2147483647;
			files = (
			);
			inputPaths = (
				"${PODS_PODFILE_DIR_PATH}/Podfile.lock",
				"${PODS_ROOT}/Manifest.lock",
			);
			name = "[CP] Check Pods Manifest.lock";
			outputPaths = (
				"$(DERIVED_FILE_DIR)/Pods-SimpleWallet-checkManifestLockResult.txt",
			);
			runOnlyForDeploymentPostprocessing = 0;
			shellPath = /bin/sh;
			shellScript = "diff \"${PODS_PODFILE_DIR_PATH}/Podfile.lock\" \"${PODS_ROOT}/Manifest.lock\" > /dev/null\nif [ $? != 0 ] ; then\n    # print error to STDERR\n    echo \"error: The sandbox is not in sync with the Podfile.lock. Run 'pod install' or update your CocoaPods installation.\" >&2\n    exit 1\nfi\n# This output is used by Xcode 'outputs' to avoid re-running this script phase.\necho \"SUCCESS\" > \"${SCRIPT_OUTPUT_FILE_0}\"\n";
			showEnvVarsInLog = 0;
		};
		EA9EAA81472B436B9C0BB36C /* [CP] Embed Pods Frameworks */ = {
			isa = PBXShellScriptBuildPhase;
			buildActionMask = 2147483647;
			files = (
			);
			inputPaths = (
				"${SRCROOT}/Pods/Target Support Files/Pods-SimpleWallet/Pods-SimpleWallet-frameworks.sh",
				"${BUILT_PRODUCTS_DIR}/BitcoinKit/BitcoinKit.framework",
				"${BUILT_PRODUCTS_DIR}/KeychainAccess/KeychainAccess.framework",
				"${BUILT_PRODUCTS_DIR}/R.swift.Library/Rswift.framework",
				"${BUILT_PRODUCTS_DIR}/RxCocoa/RxCocoa.framework",
				"${BUILT_PRODUCTS_DIR}/RxSwift/RxSwift.framework",
				"${BUILT_PRODUCTS_DIR}/Swinject/Swinject.framework",
			);
			name = "[CP] Embed Pods Frameworks";
			outputPaths = (
				"${TARGET_BUILD_DIR}/${FRAMEWORKS_FOLDER_PATH}/BitcoinKit.framework",
				"${TARGET_BUILD_DIR}/${FRAMEWORKS_FOLDER_PATH}/KeychainAccess.framework",
				"${TARGET_BUILD_DIR}/${FRAMEWORKS_FOLDER_PATH}/Rswift.framework",
				"${TARGET_BUILD_DIR}/${FRAMEWORKS_FOLDER_PATH}/RxCocoa.framework",
				"${TARGET_BUILD_DIR}/${FRAMEWORKS_FOLDER_PATH}/RxSwift.framework",
				"${TARGET_BUILD_DIR}/${FRAMEWORKS_FOLDER_PATH}/Swinject.framework",
			);
			runOnlyForDeploymentPostprocessing = 0;
			shellPath = /bin/sh;
			shellScript = "\"${SRCROOT}/Pods/Target Support Files/Pods-SimpleWallet/Pods-SimpleWallet-frameworks.sh\"\n";
			showEnvVarsInLog = 0;
		};
/* End PBXShellScriptBuildPhase section */

/* Begin PBXSourcesBuildPhase section */
		0C26AB732126C59E00170732 /* Sources */ = {
			isa = PBXSourcesBuildPhase;
			buildActionMask = 2147483647;
			files = (
				0C26AB972126C5BB00170732 /* SendViewController.swift in Sources */,
				0C26AB962126C5BB00170732 /* UnspentOutput.swift in Sources */,
				A04EA506212831E200709549 /* UIViewController+Ex.swift in Sources */,
				A04EA51A21284FAA00709549 /* AddChoiceViewModel.swift in Sources */,
				A04EA50E2128349800709549 /* PostViewController.swift in Sources */,
				0C26AB9C2126C5BB00170732 /* Transaction.swift in Sources */,
				6E5E3C7421282EFE005042F2 /* APIClient.swift in Sources */,
				0C26AB992126C5BB00170732 /* MockPlayGround.swift in Sources */,
				0C26AB7B2126C59E00170732 /* AppDelegate.swift in Sources */,
				A04EA512212834B400709549 /* PostViewModel.swift in Sources */,
				0C26AB9D2126C5BB00170732 /* AppController.swift in Sources */,
				A04EA5082128320000709549 /* QRCoder.swift in Sources */,
				A04EA5032128318D00709549 /* R.generated.swift in Sources */,
				0C26AB9A2126C5BB00170732 /* HomeViewController.swift in Sources */,
				A04EA51521284A5C00709549 /* AddChoiceViewController.swift in Sources */,
				0C26AB952126C5BB00170732 /* Extension.swift in Sources */,
			);
			runOnlyForDeploymentPostprocessing = 0;
		};
/* End PBXSourcesBuildPhase section */

/* Begin PBXVariantGroup section */
		0C26AB832126C59F00170732 /* LaunchScreen.storyboard */ = {
			isa = PBXVariantGroup;
			children = (
				0C26AB842126C59F00170732 /* Base */,
			);
			name = LaunchScreen.storyboard;
			sourceTree = "<group>";
		};
/* End PBXVariantGroup section */

/* Begin XCBuildConfiguration section */
		0C26AB872126C59F00170732 /* Debug */ = {
			isa = XCBuildConfiguration;
			buildSettings = {
				ALWAYS_SEARCH_USER_PATHS = NO;
				CLANG_ANALYZER_NONNULL = YES;
				CLANG_ANALYZER_NUMBER_OBJECT_CONVERSION = YES_AGGRESSIVE;
				CLANG_CXX_LANGUAGE_STANDARD = "gnu++14";
				CLANG_CXX_LIBRARY = "libc++";
				CLANG_ENABLE_MODULES = YES;
				CLANG_ENABLE_OBJC_ARC = YES;
				CLANG_ENABLE_OBJC_WEAK = YES;
				CLANG_WARN_BLOCK_CAPTURE_AUTORELEASING = YES;
				CLANG_WARN_BOOL_CONVERSION = YES;
				CLANG_WARN_COMMA = YES;
				CLANG_WARN_CONSTANT_CONVERSION = YES;
				CLANG_WARN_DEPRECATED_OBJC_IMPLEMENTATIONS = YES;
				CLANG_WARN_DIRECT_OBJC_ISA_USAGE = YES_ERROR;
				CLANG_WARN_DOCUMENTATION_COMMENTS = YES;
				CLANG_WARN_EMPTY_BODY = YES;
				CLANG_WARN_ENUM_CONVERSION = YES;
				CLANG_WARN_INFINITE_RECURSION = YES;
				CLANG_WARN_INT_CONVERSION = YES;
				CLANG_WARN_NON_LITERAL_NULL_CONVERSION = YES;
				CLANG_WARN_OBJC_IMPLICIT_RETAIN_SELF = YES;
				CLANG_WARN_OBJC_LITERAL_CONVERSION = YES;
				CLANG_WARN_OBJC_ROOT_CLASS = YES_ERROR;
				CLANG_WARN_RANGE_LOOP_ANALYSIS = YES;
				CLANG_WARN_STRICT_PROTOTYPES = YES;
				CLANG_WARN_SUSPICIOUS_MOVE = YES;
				CLANG_WARN_UNGUARDED_AVAILABILITY = YES_AGGRESSIVE;
				CLANG_WARN_UNREACHABLE_CODE = YES;
				CLANG_WARN__DUPLICATE_METHOD_MATCH = YES;
				CODE_SIGN_IDENTITY = "iPhone Developer";
				COPY_PHASE_STRIP = NO;
				DEBUG_INFORMATION_FORMAT = dwarf;
				ENABLE_STRICT_OBJC_MSGSEND = YES;
				ENABLE_TESTABILITY = YES;
				GCC_C_LANGUAGE_STANDARD = gnu11;
				GCC_DYNAMIC_NO_PIC = NO;
				GCC_NO_COMMON_BLOCKS = YES;
				GCC_OPTIMIZATION_LEVEL = 0;
				GCC_PREPROCESSOR_DEFINITIONS = (
					"DEBUG=1",
					"$(inherited)",
				);
				GCC_WARN_64_TO_32_BIT_CONVERSION = YES;
				GCC_WARN_ABOUT_RETURN_TYPE = YES_ERROR;
				GCC_WARN_UNDECLARED_SELECTOR = YES;
				GCC_WARN_UNINITIALIZED_AUTOS = YES_AGGRESSIVE;
				GCC_WARN_UNUSED_FUNCTION = YES;
				GCC_WARN_UNUSED_VARIABLE = YES;
				IPHONEOS_DEPLOYMENT_TARGET = 11.4;
				MTL_ENABLE_DEBUG_INFO = YES;
				ONLY_ACTIVE_ARCH = YES;
				SDKROOT = iphoneos;
				SWIFT_ACTIVE_COMPILATION_CONDITIONS = DEBUG;
				SWIFT_OPTIMIZATION_LEVEL = "-Onone";
			};
			name = Debug;
		};
		0C26AB882126C59F00170732 /* Release */ = {
			isa = XCBuildConfiguration;
			buildSettings = {
				ALWAYS_SEARCH_USER_PATHS = NO;
				CLANG_ANALYZER_NONNULL = YES;
				CLANG_ANALYZER_NUMBER_OBJECT_CONVERSION = YES_AGGRESSIVE;
				CLANG_CXX_LANGUAGE_STANDARD = "gnu++14";
				CLANG_CXX_LIBRARY = "libc++";
				CLANG_ENABLE_MODULES = YES;
				CLANG_ENABLE_OBJC_ARC = YES;
				CLANG_ENABLE_OBJC_WEAK = YES;
				CLANG_WARN_BLOCK_CAPTURE_AUTORELEASING = YES;
				CLANG_WARN_BOOL_CONVERSION = YES;
				CLANG_WARN_COMMA = YES;
				CLANG_WARN_CONSTANT_CONVERSION = YES;
				CLANG_WARN_DEPRECATED_OBJC_IMPLEMENTATIONS = YES;
				CLANG_WARN_DIRECT_OBJC_ISA_USAGE = YES_ERROR;
				CLANG_WARN_DOCUMENTATION_COMMENTS = YES;
				CLANG_WARN_EMPTY_BODY = YES;
				CLANG_WARN_ENUM_CONVERSION = YES;
				CLANG_WARN_INFINITE_RECURSION = YES;
				CLANG_WARN_INT_CONVERSION = YES;
				CLANG_WARN_NON_LITERAL_NULL_CONVERSION = YES;
				CLANG_WARN_OBJC_IMPLICIT_RETAIN_SELF = YES;
				CLANG_WARN_OBJC_LITERAL_CONVERSION = YES;
				CLANG_WARN_OBJC_ROOT_CLASS = YES_ERROR;
				CLANG_WARN_RANGE_LOOP_ANALYSIS = YES;
				CLANG_WARN_STRICT_PROTOTYPES = YES;
				CLANG_WARN_SUSPICIOUS_MOVE = YES;
				CLANG_WARN_UNGUARDED_AVAILABILITY = YES_AGGRESSIVE;
				CLANG_WARN_UNREACHABLE_CODE = YES;
				CLANG_WARN__DUPLICATE_METHOD_MATCH = YES;
				CODE_SIGN_IDENTITY = "iPhone Developer";
				COPY_PHASE_STRIP = NO;
				DEBUG_INFORMATION_FORMAT = "dwarf-with-dsym";
				ENABLE_NS_ASSERTIONS = NO;
				ENABLE_STRICT_OBJC_MSGSEND = YES;
				GCC_C_LANGUAGE_STANDARD = gnu11;
				GCC_NO_COMMON_BLOCKS = YES;
				GCC_WARN_64_TO_32_BIT_CONVERSION = YES;
				GCC_WARN_ABOUT_RETURN_TYPE = YES_ERROR;
				GCC_WARN_UNDECLARED_SELECTOR = YES;
				GCC_WARN_UNINITIALIZED_AUTOS = YES_AGGRESSIVE;
				GCC_WARN_UNUSED_FUNCTION = YES;
				GCC_WARN_UNUSED_VARIABLE = YES;
				IPHONEOS_DEPLOYMENT_TARGET = 11.4;
				MTL_ENABLE_DEBUG_INFO = NO;
				SDKROOT = iphoneos;
				SWIFT_COMPILATION_MODE = wholemodule;
				SWIFT_OPTIMIZATION_LEVEL = "-O";
				VALIDATE_PRODUCT = YES;
			};
			name = Release;
		};
		0C26AB8A2126C59F00170732 /* Debug */ = {
			isa = XCBuildConfiguration;
			baseConfigurationReference = E5ECAEB1857BAAF4B13C99D0 /* Pods-SimpleWallet.debug.xcconfig */;
			buildSettings = {
				ASSETCATALOG_COMPILER_APPICON_NAME = AppIcon;
				CODE_SIGN_STYLE = Automatic;
				DEVELOPMENT_TEAM = KP2474JSD4;
				INFOPLIST_FILE = SimpleWallet/Info.plist;
				LD_RUNPATH_SEARCH_PATHS = (
					"$(inherited)",
					"@executable_path/Frameworks",
				);
				PRODUCT_BUNDLE_IDENTIFIER = Yenom.SimpleWallet;
				PRODUCT_NAME = "$(TARGET_NAME)";
				SWIFT_VERSION = 4.0;
				TARGETED_DEVICE_FAMILY = "1,2";
			};
			name = Debug;
		};
		0C26AB8B2126C59F00170732 /* Release */ = {
			isa = XCBuildConfiguration;
			baseConfigurationReference = 764A8056BEFC01CD8FD81CA9 /* Pods-SimpleWallet.release.xcconfig */;
			buildSettings = {
				ASSETCATALOG_COMPILER_APPICON_NAME = AppIcon;
				CODE_SIGN_STYLE = Automatic;
				DEVELOPMENT_TEAM = KP2474JSD4;
				INFOPLIST_FILE = SimpleWallet/Info.plist;
				LD_RUNPATH_SEARCH_PATHS = (
					"$(inherited)",
					"@executable_path/Frameworks",
				);
				PRODUCT_BUNDLE_IDENTIFIER = Yenom.SimpleWallet;
				PRODUCT_NAME = "$(TARGET_NAME)";
				SWIFT_VERSION = 4.0;
				TARGETED_DEVICE_FAMILY = "1,2";
			};
			name = Release;
		};
/* End XCBuildConfiguration section */

/* Begin XCConfigurationList section */
		0C26AB722126C59E00170732 /* Build configuration list for PBXProject "SimpleWallet" */ = {
			isa = XCConfigurationList;
			buildConfigurations = (
				0C26AB872126C59F00170732 /* Debug */,
				0C26AB882126C59F00170732 /* Release */,
			);
			defaultConfigurationIsVisible = 0;
			defaultConfigurationName = Release;
		};
		0C26AB892126C59F00170732 /* Build configuration list for PBXNativeTarget "SimpleWallet" */ = {
			isa = XCConfigurationList;
			buildConfigurations = (
				0C26AB8A2126C59F00170732 /* Debug */,
				0C26AB8B2126C59F00170732 /* Release */,
			);
			defaultConfigurationIsVisible = 0;
			defaultConfigurationName = Release;
		};
/* End XCConfigurationList section */
	};
	rootObject = 0C26AB6F2126C59E00170732 /* Project object */;
}
